
Microsoft Visual Studio Solution File, Format Version 12.00
# Visual Studio Version 17
VisualStudioVersion = 17.5.33516.290
MinimumVisualStudioVersion = 10.0.40219.1
Project("{FAE04EC0-301F-11D3-BF4B-00C04F79EFBC}") = "Heranca", "Heranca\Heranca.csproj", "{EC7774B8-0844-4734-8A81-4A165BD7520E}"
EndProject
Global
	GlobalSection(SolutionConfigurationPlatforms) = preSolution
		Debug|Any CPU = Debug|Any CPU
		Release|Any CPU = Release|Any CPU
	EndGlobalSection
	GlobalSection(ProjectConfigurationPlatforms) = postSolution
		{EC7774B8-0844-4734-8A81-4A165BD7520E}.Debug|Any CPU.ActiveCfg = Debug|Any CPU
		{EC7774B8-0844-4734-8A81-4A165BD7520E}.Debug|Any CPU.Build.0 = Debug|Any CPU
		{EC7774B8-0844-4734-8A81-4A165BD7520E}.Release|Any CPU.ActiveCfg = Release|Any CPU
		{EC7774B8-0844-4734-8A81-4A165BD7520E}.Release|Any CPU.Build.0 = Release|Any CPU
	EndGlobalSection
	GlobalSection(SolutionProperties) = preSolution
		HideSolutionNode = FALSE
	EndGlobalSection
	GlobalSection(ExtensibilityGlobals) = postSolution
		SolutionGuid = {2C01ECF7-8D9A-4392-9B97-9F45910A841E}
	EndGlobalSection
EndGlobal
